
Microsoft Visual Studio Solution File, Format Version 12.00
# Visual Studio Version 17
VisualStudioVersion = 17.0.31903.59
MinimumVisualStudioVersion = 10.0.40219.1
Project("{FAE04EC0-301F-11D3-BF4B-00C04F79EFBC}") = "WireGuardManager.Web", "WireGuardManager.Web\WireGuardManager.Web.csproj", "{AC2146CB-1550-4299-8B62-F0FC0295427B}"
EndProject
Project("{FAE04EC0-301F-11D3-BF4B-00C04F79EFBC}") = "WireGuardManager.Tests", "WireGuardManager.Tests\WireGuardManager.Tests.csproj", "{0A64B446-FA0D-47DD-B110-C94C2FC78778}"
EndProject
Global
	GlobalSection(SolutionConfigurationPlatforms) = preSolution
		Debug|Any CPU = Debug|Any CPU
		Release|Any CPU = Release|Any CPU
	EndGlobalSection
	GlobalSection(SolutionProperties) = preSolution
		HideSolutionNode = FALSE
	EndGlobalSection
	GlobalSection(ProjectConfigurationPlatforms) = postSolution
		{AC2146CB-1550-4299-8B62-F0FC0295427B}.Debug|Any CPU.ActiveCfg = Debug|Any CPU
		{AC2146CB-1550-4299-8B62-F0FC0295427B}.Debug|Any CPU.Build.0 = Debug|Any CPU
		{AC2146CB-1550-4299-8B62-F0FC0295427B}.Release|Any CPU.ActiveCfg = Release|Any CPU
		{AC2146CB-1550-4299-8B62-F0FC0295427B}.Release|Any CPU.Build.0 = Release|Any CPU
		{0A64B446-FA0D-47DD-B110-C94C2FC78778}.Debug|Any CPU.ActiveCfg = Debug|Any CPU
		{0A64B446-FA0D-47DD-B110-C94C2FC78778}.Debug|Any CPU.Build.0 = Debug|Any CPU
		{0A64B446-FA0D-47DD-B110-C94C2FC78778}.Release|Any CPU.ActiveCfg = Release|Any CPU
		{0A64B446-FA0D-47DD-B110-C94C2FC78778}.Release|Any CPU.Build.0 = Release|Any CPU
	EndGlobalSection
EndGlobal
